
Microsoft Visual Studio Solution File, Format Version 12.00
# Visual Studio 14
VisualStudioVersion = 14.0.25420.1
MinimumVisualStudioVersion = 10.0.40219.1
Project("{FAE04EC0-301F-11D3-BF4B-00C04F79EFBC}") = "SleepingBarbar", "SleepingBarbar\SleepingBarbar.csproj", "{A356A26D-1C6E-48E5-90CB-F6898D78491A}"
EndProject
Global
	GlobalSection(SolutionConfigurationPlatforms) = preSolution
		Debug|Any CPU = Debug|Any CPU
		Release|Any CPU = Release|Any CPU
	EndGlobalSection
	GlobalSection(ProjectConfigurationPlatforms) = postSolution
		{A356A26D-1C6E-48E5-90CB-F6898D78491A}.Debug|Any CPU.ActiveCfg = Debug|Any CPU
		{A356A26D-1C6E-48E5-90CB-F6898D78491A}.Debug|Any CPU.Build.0 = Debug|Any CPU
		{A356A26D-1C6E-48E5-90CB-F6898D78491A}.Release|Any CPU.ActiveCfg = Release|Any CPU
		{A356A26D-1C6E-48E5-90CB-F6898D78491A}.Release|Any CPU.Build.0 = Release|Any CPU
	EndGlobalSection
	GlobalSection(SolutionProperties) = preSolution
		HideSolutionNode = FALSE
	EndGlobalSection
EndGlobal
